// !$*UTF8*$!
{
	archiveVersion = 1;
	classes = {
	};
	objectVersion = 46;
	objects = {

/* Begin PBXBuildFile section */
		330B69B91DECB182001096EC /* AppDelegate.swift in Sources */ = {isa = PBXBuildFile; fileRef = 330B69B81DECB182001096EC /* AppDelegate.swift */; };
		330B69BB1DECB182001096EC /* ViewController.swift in Sources */ = {isa = PBXBuildFile; fileRef = 330B69BA1DECB182001096EC /* ViewController.swift */; };
		330B69BE1DECB182001096EC /* Main.storyboard in Resources */ = {isa = PBXBuildFile; fileRef = 330B69BC1DECB182001096EC /* Main.storyboard */; };
		330B69C01DECB182001096EC /* Assets.xcassets in Resources */ = {isa = PBXBuildFile; fileRef = 330B69BF1DECB182001096EC /* Assets.xcassets */; };
		330B69C31DECB182001096EC /* LaunchScreen.storyboard in Resources */ = {isa = PBXBuildFile; fileRef = 330B69C11DECB182001096EC /* LaunchScreen.storyboard */; };
		33CCF1301DECDE5D008D1499 /* AboutViewController.swift in Sources */ = {isa = PBXBuildFile; fileRef = 33CCF12F1DECDE5D008D1499 /* AboutViewController.swift */; };
		33CCF1321DEDF802008D1499 /* BullsEye.html in Resources */ = {isa = PBXBuildFile; fileRef = 33CCF1311DEDF802008D1499 /* BullsEye.html */; };
/* End PBXBuildFile section */

/* Begin PBXFileReference section */
		330B69B51DECB182001096EC /* Bullseye.app */ = {isa = PBXFileReference; explicitFileType = wrapper.application; includeInIndex = 0; path = Bullseye.app; sourceTree = BUILT_PRODUCTS_DIR; };
		330B69B81DECB182001096EC /* AppDelegate.swift */ = {isa = PBXFileReference; lastKnownFileType = sourcecode.swift; path = AppDelegate.swift; sourceTree = "<group>"; };
		330B69BA1DECB182001096EC /* ViewController.swift */ = {isa = PBXFileReference; lastKnownFileType = sourcecode.swift; path = ViewController.swift; sourceTree = "<group>"; };
		330B69BD1DECB182001096EC /* Base */ = {isa = PBXFileReference; lastKnownFileType = file.storyboard; name = Base; path = Base.lproj/Main.storyboard; sourceTree = "<group>"; };
		330B69BF1DECB182001096EC /* Assets.xcassets */ = {isa = PBXFileReference; lastKnownFileType = folder.assetcatalog; path = Assets.xcassets; sourceTree = "<group>"; };
		330B69C21DECB182001096EC /* Base */ = {isa = PBXFileReference; lastKnownFileType = file.storyboard; name = Base; path = Base.lproj/LaunchScreen.storyboard; sourceTree = "<group>"; };
		330B69C41DECB182001096EC /* Info.plist */ = {isa = PBXFileReference; lastKnownFileType = text.plist.xml; path = Info.plist; sourceTree = "<group>"; };
		33CCF12F1DECDE5D008D1499 /* AboutViewController.swift */ = {isa = PBXFileReference; fileEncoding = 4; lastKnownFileType = sourcecode.swift; path = AboutViewController.swift; sourceTree = "<group>"; };
		33CCF1311DEDF802008D1499 /* BullsEye.html */ = {isa = PBXFileReference; fileEncoding = 4; lastKnownFileType = text.html; name = BullsEye.html; path = ../../../Downloads/BeginnningiOS10Part1_09_EmbeddingTheWeb_StudentMaterials/demo/complete/BullsEye/BullsEye/BullsEye.html; sourceTree = "<group>"; };
/* End PBXFileReference section */

/* Begin PBXFrameworksBuildPhase section */
		330B69B21DECB182001096EC /* Frameworks */ = {
			isa = PBXFrameworksBuildPhase;
			buildActionMask = 2147483647;
			files = (
			);
			runOnlyForDeploymentPostprocessing = 0;
		};
/* End PBXFrameworksBuildPhase section */

/* Begin PBXGroup section */
		330B69AC1DECB182001096EC = {
			isa = PBXGroup;
			children = (
				330B69B71DECB182001096EC /* Bullseye */,
				330B69B61DECB182001096EC /* Products */,
			);
			sourceTree = "<group>";
		};
		330B69B61DECB182001096EC /* Products */ = {
			isa = PBXGroup;
			children = (
				330B69B51DECB182001096EC /* Bullseye.app */,
			);
			name = Products;
			sourceTree = "<group>";
		};
		330B69B71DECB182001096EC /* Bullseye */ = {
			isa = PBXGroup;
			children = (
				330B69B81DECB182001096EC /* AppDelegate.swift */,
				330B69BA1DECB182001096EC /* ViewController.swift */,
				330B69BC1DECB182001096EC /* Main.storyboard */,
				33CCF1311DEDF802008D1499 /* BullsEye.html */,
				33CCF12F1DECDE5D008D1499 /* AboutViewController.swift */,
				330B69BF1DECB182001096EC /* Assets.xcassets */,
				330B69C11DECB182001096EC /* LaunchScreen.storyboard */,
				330B69C41DECB182001096EC /* Info.plist */,
			);
			path = Bullseye;
			sourceTree = "<group>";
		};
/* End PBXGroup section */

/* Begin PBXNativeTarget section */
		330B69B41DECB182001096EC /* Bullseye */ = {
			isa = PBXNativeTarget;
			buildConfigurationList = 330B69C71DECB182001096EC /* Build configuration list for PBXNativeTarget "Bullseye" */;
			buildPhases = (
				330B69B11DECB182001096EC /* Sources */,
				330B69B21DECB182001096EC /* Frameworks */,
				330B69B31DECB182001096EC /* Resources */,
			);
			buildRules = (
			);
			dependencies = (
			);
			name = Bullseye;
			productName = Bullseye;
			productReference = 330B69B51DECB182001096EC /* Bullseye.app */;
			productType = "com.apple.product-type.application";
		};
/* End PBXNativeTarget section */

/* Begin PBXProject section */
		330B69AD1DECB182001096EC /* Project object */ = {
			isa = PBXProject;
			attributes = {
				LastSwiftUpdateCheck = 0810;
				LastUpgradeCheck = 0810;
				ORGANIZATIONNAME = yuliya;
				TargetAttributes = {
					330B69B41DECB182001096EC = {
						CreatedOnToolsVersion = 8.1;
						ProvisioningStyle = Automatic;
					};
				};
			};
			buildConfigurationList = 330B69B01DECB182001096EC /* Build configuration list for PBXProject "Bullseye" */;
			compatibilityVersion = "Xcode 3.2";
			developmentRegion = English;
			hasScannedForEncodings = 0;
			knownRegions = (
				en,
				Base,
			);
			mainGroup = 330B69AC1DECB182001096EC;
			productRefGroup = 330B69B61DECB182001096EC /* Products */;
			projectDirPath = "";
			projectRoot = "";
			targets = (
				330B69B41DECB182001096EC /* Bullseye */,
			);
		};
/* End PBXProject section */

/* Begin PBXResourcesBuildPhase section */
		330B69B31DECB182001096EC /* Resources */ = {
			isa = PBXResourcesBuildPhase;
			buildActionMask = 2147483647;
			files = (
				330B69C31DECB182001096EC /* LaunchScreen.storyboard in Resources */,
				33CCF1321DEDF802008D1499 /* BullsEye.html in Resources */,
				330B69C01DECB182001096EC /* Assets.xcassets in Resources */,
				330B69BE1DECB182001096EC /* Main.storyboard in Resources */,
			);
			runOnlyForDeploymentPostprocessing = 0;
		};
/* End PBXResourcesBuildPhase section */

/* Begin PBXSourcesBuildPhase section */
		330B69B11DECB182001096EC /* Sources */ = {
			isa = PBXSourcesBuildPhase;
			buildActionMask = 2147483647;
			files = (
				33CCF1301DECDE5D008D1499 /* AboutViewController.swift in Sources */,
				330B69BB1DECB182001096EC /* ViewController.swift in Sources */,
				330B69B91DECB182001096EC /* AppDelegate.swift in Sources */,
			);
			runOnlyForDeploymentPostprocessing = 0;
		};
/* End PBXSourcesBuildPhase section */

/* Begin PBXVariantGroup section */
		330B69BC1DECB182001096EC /* Main.storyboard */ = {
			isa = PBXVariantGroup;
			children = (
				330B69BD1DECB182001096EC /* Base */,
			);
			name = Main.storyboard;
			sourceTree = "<group>";
		};
		330B69C11DECB182001096EC /* LaunchScreen.storyboard */ = {
			isa = PBXVariantGroup;
			children = (
				330B69C21DECB182001096EC /* Base */,
			);
			name = LaunchScreen.storyboard;
			sourceTree = "<group>";
		};
/* End PBXVariantGroup section */

/* Begin XCBuildConfiguration section */
		330B69C51DECB182001096EC /* Debug */ = {
			isa = XCBuildConfiguration;
			buildSettings = {
				ALWAYS_SEARCH_USER_PATHS = NO;
				CLANG_ANALYZER_NONNULL = YES;
				CLANG_CXX_LANGUAGE_STANDARD = "gnu++0x";
				CLANG_CXX_LIBRARY = "libc++";
				CLANG_ENABLE_MODULES = YES;
				CLANG_ENABLE_OBJC_ARC = YES;
				CLANG_WARN_BOOL_CONVERSION = YES;
				CLANG_WARN_CONSTANT_CONVERSION = YES;
				CLANG_WARN_DIRECT_OBJC_ISA_USAGE = YES_ERROR;
				CLANG_WARN_DOCUMENTATION_COMMENTS = YES;
				CLANG_WARN_EMPTY_BODY = YES;
				CLANG_WARN_ENUM_CONVERSION = YES;
				CLANG_WARN_INFINITE_RECURSION = YES;
				CLANG_WARN_INT_CONVERSION = YES;
				CLANG_WARN_OBJC_ROOT_CLASS = YES_ERROR;
				CLANG_WARN_SUSPICIOUS_MOVES = YES;
				CLANG_WARN_UNREACHABLE_CODE = YES;
				CLANG_WARN__DUPLICATE_METHOD_MATCH = YES;
				"CODE_SIGN_IDENTITY[sdk=iphoneos*]" = "iPhone Developer";
				COPY_PHASE_STRIP = NO;
				DEBUG_INFORMATION_FORMAT = dwarf;
				ENABLE_STRICT_OBJC_MSGSEND = YES;
				ENABLE_TESTABILITY = YES;
				GCC_C_LANGUAGE_STANDARD = gnu99;
				GCC_DYNAMIC_NO_PIC = NO;
				GCC_NO_COMMON_BLOCKS = YES;
				GCC_OPTIMIZATION_LEVEL = 0;
				GCC_PREPROCESSOR_DEFINITIONS = (
					"DEBUG=1",
					"$(inherited)",
				);
				GCC_WARN_64_TO_32_BIT_CONVERSION = YES;
				GCC_WARN_ABOUT_RETURN_TYPE = YES_ERROR;
				GCC_WARN_UNDECLARED_SELECTOR = YES;
				GCC_WARN_UNINITIALIZED_AUTOS = YES_AGGRESSIVE;
				GCC_WARN_UNUSED_FUNCTION = YES;
				GCC_WARN_UNUSED_VARIABLE = YES;
				IPHONEOS_DEPLOYMENT_TARGET = 10.1;
				MTL_ENABLE_DEBUG_INFO = YES;
				ONLY_ACTIVE_ARCH = YES;
				SDKROOT = iphoneos;
				SWIFT_ACTIVE_COMPILATION_CONDITIONS = DEBUG;
				SWIFT_OPTIMIZATION_LEVEL = "-Onone";
			};
			name = Debug;
		};
		330B69C61DECB182001096EC /* Release */ = {
			isa = XCBuildConfiguration;
			buildSettings = {
				ALWAYS_SEARCH_USER_PATHS = NO;
				CLANG_ANALYZER_NONNULL = YES;
				CLANG_CXX_LANGUAGE_STANDARD = "gnu++0x";
				CLANG_CXX_LIBRARY = "libc++";
				CLANG_ENABLE_MODULES = YES;
				CLANG_ENABLE_OBJC_ARC = YES;
				CLANG_WARN_BOOL_CONVERSION = YES;
				CLANG_WARN_CONSTANT_CONVERSION = YES;
				CLANG_WARN_DIRECT_OBJC_ISA_USAGE = YES_ERROR;
				CLANG_WARN_DOCUMENTATION_COMMENTS = YES;
				CLANG_WARN_EMPTY_BODY = YES;
				CLANG_WARN_ENUM_CONVERSION = YES;
				CLANG_WARN_INFINITE_RECURSION = YES;
				CLANG_WARN_INT_CONVERSION = YES;
				CLANG_WARN_OBJC_ROOT_CLASS = YES_ERROR;
				CLANG_WARN_SUSPICIOUS_MOVES = YES;
				CLANG_WARN_UNREACHABLE_CODE = YES;
				CLANG_WARN__DUPLICATE_METHOD_MATCH = YES;
				"CODE_SIGN_IDENTITY[sdk=iphoneos*]" = "iPhone Developer";
				COPY_PHASE_STRIP = NO;
				DEBUG_INFORMATION_FORMAT = "dwarf-with-dsym";
				ENABLE_NS_ASSERTIONS = NO;
				ENABLE_STRICT_OBJC_MSGSEND = YES;
				GCC_C_LANGUAGE_STANDARD = gnu99;
				GCC_NO_COMMON_BLOCKS = YES;
				GCC_WARN_64_TO_32_BIT_CONVERSION = YES;
				GCC_WARN_ABOUT_RETURN_TYPE = YES_ERROR;
				GCC_WARN_UNDECLARED_SELECTOR = YES;
				GCC_WARN_UNINITIALIZED_AUTOS = YES_AGGRESSIVE;
				GCC_WARN_UNUSED_FUNCTION = YES;
				GCC_WARN_UNUSED_VARIABLE = YES;
				IPHONEOS_DEPLOYMENT_TARGET = 10.1;
				MTL_ENABLE_DEBUG_INFO = NO;
				SDKROOT = iphoneos;
				SWIFT_OPTIMIZATION_LEVEL = "-Owholemodule";
				VALIDATE_PRODUCT = YES;
			};
			name = Release;
		};
		330B69C81DECB182001096EC /* Debug */ = {
			isa = XCBuildConfiguration;
			buildSettings = {
				ASSETCATALOG_COMPILER_APPICON_NAME = AppIcon;
				INFOPLIST_FILE = Bullseye/Info.plist;
				LD_RUNPATH_SEARCH_PATHS = "$(inherited) @executable_path/Frameworks";
				PRODUCT_BUNDLE_IDENTIFIER = yulia.Bullseye;
				PRODUCT_NAME = "$(TARGET_NAME)";
				SWIFT_VERSION = 3.0;
			};
			name = Debug;
		};
		330B69C91DECB182001096EC /* Release */ = {
			isa = XCBuildConfiguration;
			buildSettings = {
				ASSETCATALOG_COMPILER_APPICON_NAME = AppIcon;
				INFOPLIST_FILE = Bullseye/Info.plist;
				LD_RUNPATH_SEARCH_PATHS = "$(inherited) @executable_path/Frameworks";
				PRODUCT_BUNDLE_IDENTIFIER = yulia.Bullseye;
				PRODUCT_NAME = "$(TARGET_NAME)";
				SWIFT_VERSION = 3.0;
			};
			name = Release;
		};
/* End XCBuildConfiguration section */

/* Begin XCConfigurationList section */
		330B69B01DECB182001096EC /* Build configuration list for PBXProject "Bullseye" */ = {
			isa = XCConfigurationList;
			buildConfigurations = (
				330B69C51DECB182001096EC /* Debug */,
				330B69C61DECB182001096EC /* Release */,
			);
			defaultConfigurationIsVisible = 0;
			defaultConfigurationName = Release;
		};
		330B69C71DECB182001096EC /* Build configuration list for PBXNativeTarget "Bullseye" */ = {
			isa = XCConfigurationList;
			buildConfigurations = (
				330B69C81DECB182001096EC /* Debug */,
				330B69C91DECB182001096EC /* Release */,
			);
			defaultConfigurationIsVisible = 0;
			defaultConfigurationName = Release;
		};
/* End XCConfigurationList section */
	};
	rootObject = 330B69AD1DECB182001096EC /* Project object */;
}
